
Microsoft Visual Studio Solution File, Format Version 12.00
# Visual Studio 2017
Project("{FAE04EC0-301F-11D3-BF4B-00C04F79EFBC}") = "Proyecto1-1.0  (NEW)", "Proyecto1-1.0  (NEW).csproj", "{2C564519-762A-CCFA-928E-F80D5CA90519}"
EndProject
Global
	GlobalSection(SolutionConfigurationPlatforms) = preSolution
		Debug|Any CPU = Debug|Any CPU
		Release|Any CPU = Release|Any CPU
	EndGlobalSection
	GlobalSection(ProjectConfigurationPlatforms) = postSolution
		{2C564519-762A-CCFA-928E-F80D5CA90519}.Debug|Any CPU.ActiveCfg = Debug|Any CPU
		{2C564519-762A-CCFA-928E-F80D5CA90519}.Debug|Any CPU.Build.0 = Debug|Any CPU
		{2C564519-762A-CCFA-928E-F80D5CA90519}.Release|Any CPU.ActiveCfg = Release|Any CPU
		{2C564519-762A-CCFA-928E-F80D5CA90519}.Release|Any CPU.Build.0 = Release|Any CPU
	EndGlobalSection
	GlobalSection(SolutionProperties) = preSolution
		HideSolutionNode = FALSE
	EndGlobalSection
EndGlobal
